
Microsoft Visual Studio Solution File, Format Version 12.00
# Visual Studio Version 16
VisualStudioVersion = 16.0.31729.503
MinimumVisualStudioVersion = 10.0.40219.1
Project("{FAE04EC0-301F-11D3-BF4B-00C04F79EFBC}") = "book-store", "book-store\book-store.csproj", "{66A679B9-B44B-4F3C-8155-A80C870CDAE1}"
EndProject
Global
	GlobalSection(SolutionConfigurationPlatforms) = preSolution
		Debug|Any CPU = Debug|Any CPU
		Release|Any CPU = Release|Any CPU
	EndGlobalSection
	GlobalSection(ProjectConfigurationPlatforms) = postSolution
		{66A679B9-B44B-4F3C-8155-A80C870CDAE1}.Debug|Any CPU.ActiveCfg = Debug|Any CPU
		{66A679B9-B44B-4F3C-8155-A80C870CDAE1}.Debug|Any CPU.Build.0 = Debug|Any CPU
		{66A679B9-B44B-4F3C-8155-A80C870CDAE1}.Release|Any CPU.ActiveCfg = Release|Any CPU
		{66A679B9-B44B-4F3C-8155-A80C870CDAE1}.Release|Any CPU.Build.0 = Release|Any CPU
	EndGlobalSection
	GlobalSection(SolutionProperties) = preSolution
		HideSolutionNode = FALSE
	EndGlobalSection
	GlobalSection(ExtensibilityGlobals) = postSolution
		SolutionGuid = {C1D71786-3048-4AF8-9C85-9E8AD2DE7CF1}
	EndGlobalSection
EndGlobal
